{
  "version": 4,
  "terraform_version": "1.12.2",
  "serial": 516,
  "lineage": "a46c483d-609b-94cc-014c-e82d251a41e3",
  "outputs": {},
  "resources": [
    {
      "mode": "managed",
      "type": "aws_cloudwatch_log_group",
      "name": "backend",
      "provider": "provider[\"registry.terraform.io/hashicorp/aws\"]",
      "instances": [
        {
          "schema_version": 0,
          "attributes": {
            "arn": "arn:aws:logs:us-east-1:629385237449:log-group:/ecs/backend",
            "id": "/ecs/backend",
            "kms_key_id": "",
            "log_group_class": "STANDARD",
            "name": "/ecs/backend",
            "name_prefix": "",
            "region": "us-east-1",
            "retention_in_days": 30,
            "skip_destroy": false,
            "tags": null,
            "tags_all": {}
          },
          "sensitive_attributes": [],
          "identity_schema_version": 0,
          "private": "bnVsbA=="
        }
      ]
    },
    {
      "mode": "managed",
      "type": "aws_cloudwatch_log_group",
      "name": "frontend",
      "provider": "provider[\"registry.terraform.io/hashicorp/aws\"]",
      "instances": [
        {
          "schema_version": 0,
          "attributes": {
            "arn": "arn:aws:logs:us-east-1:629385237449:log-group:/ecs/frontend",
            "id": "/ecs/frontend",
            "kms_key_id": "",
            "log_group_class": "STANDARD",
            "name": "/ecs/frontend",
            "name_prefix": "",
            "region": "us-east-1",
            "retention_in_days": 30,
            "skip_destroy": false,
            "tags": null,
            "tags_all": {}
          },
          "sensitive_attributes": [],
          "identity_schema_version": 0,
          "private": "bnVsbA=="
        }
      ]
    },
    {
      "mode": "managed",
      "type": "aws_cloudwatch_metric_alarm",
      "name": "backend_cpu",
      "provider": "provider[\"registry.terraform.io/hashicorp/aws\"]",
      "instances": [
        {
          "schema_version": 1,
          "attributes": {
            "actions_enabled": true,
            "alarm_actions": [
              "arn:aws:sns:us-east-1:629385237449:ecs-alerts-topic"
            ],
            "alarm_description": "Backend CPU utilization exceeds 70%",
            "alarm_name": "backend-high-cpu",
            "arn": "arn:aws:cloudwatch:us-east-1:629385237449:alarm:backend-high-cpu",
            "comparison_operator": "GreaterThanOrEqualToThreshold",
            "datapoints_to_alarm": 0,
            "dimensions": {
              "ClusterName": "django-nextjs-cluster",
              "ServiceName": "backend-service"
            },
            "evaluate_low_sample_count_percentiles": "",
            "evaluation_periods": 2,
            "extended_statistic": "",
            "id": "backend-high-cpu",
            "insufficient_data_actions": [
              "arn:aws:sns:us-east-1:629385237449:ecs-alerts-topic"
            ],
            "metric_name": "CPUUtilization",
            "metric_query": [],
            "namespace": "AWS/ECS",
            "ok_actions": [
              "arn:aws:sns:us-east-1:629385237449:ecs-alerts-topic"
            ],
            "period": 120,
            "region": "us-east-1",
            "statistic": "Average",
            "tags": null,
            "tags_all": {},
            "threshold": 70,
            "threshold_metric_id": "",
            "treat_missing_data": "missing",
            "unit": ""
          },
          "sensitive_attributes": [],
          "identity_schema_version": 0,
          "private": "eyJzY2hlbWFfdmVyc2lvbiI6IjEifQ==",
          "dependencies": [
            "aws_ecs_cluster.app_cluster",
            "aws_ecs_service.backend",
            "aws_ecs_task_definition.backend",
            "aws_iam_role.ecs_execution_role",
            "aws_lb_target_group.backend_tg",
            "aws_security_group.backend_ecs_sg",
            "aws_security_group.frontend_ecs_sg",
            "aws_security_group.lb_sg",
            "aws_sns_topic.alerts",
            "aws_subnet.private",
            "aws_vpc.main"
          ]
        }
      ]
    },
    {
      "mode": "managed",
      "type": "aws_cloudwatch_metric_alarm",
      "name": "backend_health",
      "provider": "provider[\"registry.terraform.io/hashicorp/aws\"]",
      "instances": [
        {
          "schema_version": 1,
          "attributes": {
            "actions_enabled": true,
            "alarm_actions": [
              "arn:aws:sns:us-east-1:629385237449:ecs-alerts-topic"
            ],
            "alarm_description": "Backend health check failed",
            "alarm_name": "backend-health-check",
            "arn": "arn:aws:cloudwatch:us-east-1:629385237449:alarm:backend-health-check",
            "comparison_operator": "LessThanThreshold",
            "datapoints_to_alarm": 0,
            "dimensions": {
              "LoadBalancer": "app/backend-alb/04577f07daca25c5",
              "TargetGroup": "targetgroup/backend-tg/3fc8bb4de5729079"
            },
            "evaluate_low_sample_count_percentiles": "",
            "evaluation_periods": 1,
            "extended_statistic": "",
            "id": "backend-health-check",
            "insufficient_data_actions": [
              "arn:aws:sns:us-east-1:629385237449:ecs-alerts-topic"
            ],
            "metric_name": "HealthyHostCount",
            "metric_query": [],
            "namespace": "AWS/ApplicationELB",
            "ok_actions": [
              "arn:aws:sns:us-east-1:629385237449:ecs-alerts-topic"
            ],
            "period": 60,
            "region": "us-east-1",
            "statistic": "Minimum",
            "tags": null,
            "tags_all": {},
            "threshold": 1,
            "threshold_metric_id": "",
            "treat_missing_data": "missing",
            "unit": ""
          },
          "sensitive_attributes": [],
          "identity_schema_version": 0,
          "private": "eyJzY2hlbWFfdmVyc2lvbiI6IjEifQ==",
          "dependencies": [
            "aws_lb.backend_alb",
            "aws_lb_target_group.backend_tg",
            "aws_security_group.lb_sg",
            "aws_sns_topic.alerts",
            "aws_subnet.private",
            "aws_vpc.main"
          ]
        }
      ]
    },
    {
      "mode": "managed",
      "type": "aws_cloudwatch_metric_alarm",
      "name": "frontend_cpu",
      "provider": "provider[\"registry.terraform.io/hashicorp/aws\"]",
      "instances": [
        {
          "schema_version": 1,
          "attributes": {
            "actions_enabled": true,
            "alarm_actions": [
              "arn:aws:sns:us-east-1:629385237449:ecs-alerts-topic"
            ],
            "alarm_description": "Frontend CPU utilization exceeds 70%",
            "alarm_name": "frontend-high-cpu",
            "arn": "arn:aws:cloudwatch:us-east-1:629385237449:alarm:frontend-high-cpu",
            "comparison_operator": "GreaterThanOrEqualToThreshold",
            "datapoints_to_alarm": 0,
            "dimensions": {
              "ClusterName": "django-nextjs-cluster",
              "ServiceName": "frontend-service"
            },
            "evaluate_low_sample_count_percentiles": "",
            "evaluation_periods": 2,
            "extended_statistic": "",
            "id": "frontend-high-cpu",
            "insufficient_data_actions": [
              "arn:aws:sns:us-east-1:629385237449:ecs-alerts-topic"
            ],
            "metric_name": "CPUUtilization",
            "metric_query": [],
            "namespace": "AWS/ECS",
            "ok_actions": [
              "arn:aws:sns:us-east-1:629385237449:ecs-alerts-topic"
            ],
            "period": 120,
            "region": "us-east-1",
            "statistic": "Average",
            "tags": null,
            "tags_all": {},
            "threshold": 70,
            "threshold_metric_id": "",
            "treat_missing_data": "missing",
            "unit": ""
          },
          "sensitive_attributes": [],
          "identity_schema_version": 0,
          "private": "eyJzY2hlbWFfdmVyc2lvbiI6IjEifQ==",
          "dependencies": [
            "aws_ecs_cluster.app_cluster",
            "aws_ecs_service.frontend",
            "aws_ecs_task_definition.frontend",
            "aws_iam_role.ecs_execution_role",
            "aws_lb_target_group.frontend_tg",
            "aws_security_group.frontend_ecs_sg",
            "aws_security_group.lb_sg",
            "aws_sns_topic.alerts",
            "aws_subnet.public",
            "aws_vpc.main"
          ]
        }
      ]
    },
    {
      "mode": "managed",
      "type": "aws_cloudwatch_metric_alarm",
      "name": "frontend_memory",
      "provider": "provider[\"registry.terraform.io/hashicorp/aws\"]",
      "instances": [
        {
          "schema_version": 1,
          "attributes": {
            "actions_enabled": true,
            "alarm_actions": [
              "arn:aws:sns:us-east-1:629385237449:ecs-alerts-topic"
            ],
            "alarm_description": "Frontend memory utilization exceeds 80%",
            "alarm_name": "frontend-high-memory",
            "arn": "arn:aws:cloudwatch:us-east-1:629385237449:alarm:frontend-high-memory",
            "comparison_operator": "GreaterThanOrEqualToThreshold",
            "datapoints_to_alarm": 0,
            "dimensions": {
              "ClusterName": "django-nextjs-cluster",
              "ServiceName": "frontend-service"
            },
            "evaluate_low_sample_count_percentiles": "",
            "evaluation_periods": 2,
            "extended_statistic": "",
            "id": "frontend-high-memory",
            "insufficient_data_actions": [
              "arn:aws:sns:us-east-1:629385237449:ecs-alerts-topic"
            ],
            "metric_name": "MemoryUtilization",
            "metric_query": [],
            "namespace": "AWS/ECS",
            "ok_actions": [
              "arn:aws:sns:us-east-1:629385237449:ecs-alerts-topic"
            ],
            "period": 120,
            "region": "us-east-1",
            "statistic": "Average",
            "tags": null,
            "tags_all": {},
            "threshold": 80,
            "threshold_metric_id": "",
            "treat_missing_data": "missing",
            "unit": ""
          },
          "sensitive_attributes": [],
          "identity_schema_version": 0,
          "private": "eyJzY2hlbWFfdmVyc2lvbiI6IjEifQ==",
          "dependencies": [
            "aws_ecs_cluster.app_cluster",
            "aws_ecs_service.frontend",
            "aws_ecs_task_definition.frontend",
            "aws_iam_role.ecs_execution_role",
            "aws_lb_target_group.frontend_tg",
            "aws_security_group.frontend_ecs_sg",
            "aws_security_group.lb_sg",
            "aws_sns_topic.alerts",
            "aws_subnet.public",
            "aws_vpc.main"
          ]
        }
      ]
    },
    {
      "mode": "managed",
      "type": "aws_ecs_cluster",
      "name": "app_cluster",
      "provider": "provider[\"registry.terraform.io/hashicorp/aws\"]",
      "instances": [
        {
          "schema_version": 0,
          "attributes": {
            "arn": "arn:aws:ecs:us-east-1:629385237449:cluster/django-nextjs-cluster",
            "configuration": [],
            "id": "arn:aws:ecs:us-east-1:629385237449:cluster/django-nextjs-cluster",
            "name": "django-nextjs-cluster",
            "region": "us-east-1",
            "service_connect_defaults": [],
            "setting": [
              {
                "name": "containerInsights",
                "value": "disabled"
              }
            ],
            "tags": null,
            "tags_all": {}
          },
          "sensitive_attributes": [],
          "identity_schema_version": 0,
          "private": "bnVsbA=="
        }
      ]
    },
    {
      "mode": "managed",
      "type": "aws_ecs_service",
      "name": "backend",
      "provider": "provider[\"registry.terraform.io/hashicorp/aws\"]",
      "instances": [
        {
          "schema_version": 1,
          "attributes": {
            "alarms": [],
            "arn": "arn:aws:ecs:us-east-1:629385237449:service/django-nextjs-cluster/backend-service",
            "availability_zone_rebalancing": "DISABLED",
            "capacity_provider_strategy": [],
            "cluster": "arn:aws:ecs:us-east-1:629385237449:cluster/django-nextjs-cluster",
            "deployment_circuit_breaker": [
              {
                "enable": false,
                "rollback": false
              }
            ],
            "deployment_configuration": [],
            "deployment_controller": [
              {
                "type": "ECS"
              }
            ],
            "deployment_maximum_percent": 200,
            "deployment_minimum_healthy_percent": 100,
            "desired_count": 1,
            "enable_ecs_managed_tags": false,
            "enable_execute_command": false,
            "force_delete": null,
            "force_new_deployment": null,
            "health_check_grace_period_seconds": 120,
            "iam_role": "/aws-service-role/ecs.amazonaws.com/AWSServiceRoleForECS",
            "id": "arn:aws:ecs:us-east-1:629385237449:service/django-nextjs-cluster/backend-service",
            "launch_type": "FARGATE",
            "load_balancer": [
              {
                "advanced_configuration": [],
                "container_name": "django-backend",
                "container_port": 8000,
                "elb_name": "",
                "target_group_arn": "arn:aws:elasticloadbalancing:us-east-1:629385237449:targetgroup/backend-tg/3fc8bb4de5729079"
              }
            ],
            "name": "backend-service",
            "network_configuration": [
              {
                "assign_public_ip": false,
                "security_groups": [
                  "sg-0357b20a30c5ab839"
                ],
                "subnets": [
                  "subnet-052914215f5671d76",
                  "subnet-06d03521db7fbcdee"
                ]
              }
            ],
            "ordered_placement_strategy": [],
            "placement_constraints": [],
            "platform_version": "LATEST",
            "propagate_tags": "NONE",
            "region": "us-east-1",
            "scheduling_strategy": "REPLICA",
            "service_connect_configuration": [],
            "service_registries": [],
            "tags": null,
            "tags_all": {},
            "task_definition": "arn:aws:ecs:us-east-1:629385237449:task-definition/django-backend:15",
            "timeouts": null,
            "triggers": {},
            "volume_configuration": [],
            "vpc_lattice_configurations": [],
            "wait_for_steady_state": false
          },
          "sensitive_attributes": [],
          "identity_schema_version": 0,
          "private": "eyJlMmJmYjczMC1lY2FhLTExZTYtOGY4OC0zNDM2M2JjN2M0YzAiOnsiY3JlYXRlIjoxMjAwMDAwMDAwMDAwLCJkZWxldGUiOjEyMDAwMDAwMDAwMDAsInVwZGF0ZSI6MTIwMDAwMDAwMDAwMH0sInNjaGVtYV92ZXJzaW9uIjoiMSJ9",
          "dependencies": [
            "aws_ecs_cluster.app_cluster",
            "aws_ecs_task_definition.backend",
            "aws_iam_role.ecs_execution_role",
            "aws_lb_target_group.backend_tg",
            "aws_security_group.backend_ecs_sg",
            "aws_security_group.frontend_ecs_sg",
            "aws_security_group.lb_sg",
            "aws_subnet.private",
            "aws_vpc.main"
          ]
        }
      ]
    },
    {
      "mode": "managed",
      "type": "aws_ecs_service",
      "name": "frontend",
      "provider": "provider[\"registry.terraform.io/hashicorp/aws\"]",
      "instances": [
        {
          "schema_version": 1,
          "attributes": {
            "alarms": [],
            "arn": "arn:aws:ecs:us-east-1:629385237449:service/django-nextjs-cluster/frontend-service",
            "availability_zone_rebalancing": "DISABLED",
            "capacity_provider_strategy": [],
            "cluster": "arn:aws:ecs:us-east-1:629385237449:cluster/django-nextjs-cluster",
            "deployment_circuit_breaker": [
              {
                "enable": false,
                "rollback": false
              }
            ],
            "deployment_configuration": [],
            "deployment_controller": [
              {
                "type": "ECS"
              }
            ],
            "deployment_maximum_percent": 200,
            "deployment_minimum_healthy_percent": 100,
            "desired_count": 1,
            "enable_ecs_managed_tags": false,
            "enable_execute_command": false,
            "force_delete": null,
            "force_new_deployment": null,
            "health_check_grace_period_seconds": 60,
            "iam_role": "/aws-service-role/ecs.amazonaws.com/AWSServiceRoleForECS",
            "id": "arn:aws:ecs:us-east-1:629385237449:service/django-nextjs-cluster/frontend-service",
            "launch_type": "FARGATE",
            "load_balancer": [
              {
                "advanced_configuration": [],
                "container_name": "nextjs-frontend",
                "container_port": 3000,
                "elb_name": "",
                "target_group_arn": "arn:aws:elasticloadbalancing:us-east-1:629385237449:targetgroup/frontend-tg/12f8b2f4e9384fbe"
              }
            ],
            "name": "frontend-service",
            "network_configuration": [
              {
                "assign_public_ip": true,
                "security_groups": [
                  "sg-067b3cd15ceeb7fd4"
                ],
                "subnets": [
                  "subnet-0498b7f218e51ce4c",
                  "subnet-084953e1f95239e34"
                ]
              }
            ],
            "ordered_placement_strategy": [],
            "placement_constraints": [],
            "platform_version": "LATEST",
            "propagate_tags": "NONE",
            "region": "us-east-1",
            "scheduling_strategy": "REPLICA",
            "service_connect_configuration": [],
            "service_registries": [],
            "tags": null,
            "tags_all": {},
            "task_definition": "arn:aws:ecs:us-east-1:629385237449:task-definition/nextjs-frontend:14",
            "timeouts": null,
            "triggers": {},
            "volume_configuration": [],
            "vpc_lattice_configurations": [],
            "wait_for_steady_state": false
          },
          "sensitive_attributes": [],
          "identity_schema_version": 0,
          "private": "eyJlMmJmYjczMC1lY2FhLTExZTYtOGY4OC0zNDM2M2JjN2M0YzAiOnsiY3JlYXRlIjoxMjAwMDAwMDAwMDAwLCJkZWxldGUiOjEyMDAwMDAwMDAwMDAsInVwZGF0ZSI6MTIwMDAwMDAwMDAwMH0sInNjaGVtYV92ZXJzaW9uIjoiMSJ9",
          "dependencies": [
            "aws_ecs_cluster.app_cluster",
            "aws_ecs_task_definition.frontend",
            "aws_iam_role.ecs_execution_role",
            "aws_lb_target_group.frontend_tg",
            "aws_security_group.frontend_ecs_sg",
            "aws_security_group.lb_sg",
            "aws_subnet.public",
            "aws_vpc.main"
          ]
        }
      ]
    },
    {
      "mode": "managed",
      "type": "aws_ecs_task_definition",
      "name": "backend",
      "provider": "provider[\"registry.terraform.io/hashicorp/aws\"]",
      "instances": [
        {
          "schema_version": 1,
          "attributes": {
            "arn": "arn:aws:ecs:us-east-1:629385237449:task-definition/django-backend:15",
            "arn_without_revision": "arn:aws:ecs:us-east-1:629385237449:task-definition/django-backend",
            "container_definitions": "[{\"environment\":[],\"essential\":true,\"image\":\"629385237449.dkr.ecr.us-east-1.amazonaws.com/django-backend:latest\",\"mountPoints\":[],\"name\":\"django-backend\",\"portMappings\":[{\"containerPort\":8000,\"hostPort\":8000,\"protocol\":\"tcp\"}],\"systemControls\":[],\"volumesFrom\":[]}]",
            "cpu": "512",
            "enable_fault_injection": false,
            "ephemeral_storage": [],
            "execution_role_arn": "arn:aws:iam::629385237449:role/ecs_execution_role",
            "family": "django-backend",
            "id": "django-backend",
            "ipc_mode": "",
            "memory": "1024",
            "network_mode": "awsvpc",
            "pid_mode": "",
            "placement_constraints": [],
            "proxy_configuration": [],
            "region": "us-east-1",
            "requires_compatibilities": [
              "FARGATE"
            ],
            "revision": 15,
            "runtime_platform": [],
            "skip_destroy": false,
            "tags": null,
            "tags_all": {},
            "task_role_arn": "",
            "track_latest": false,
            "volume": []
          },
          "sensitive_attributes": [
            [
              {
                "type": "get_attr",
                "value": "container_definitions"
              }
            ]
          ],
          "identity_schema_version": 0,
          "private": "eyJzY2hlbWFfdmVyc2lvbiI6IjEifQ==",
          "dependencies": [
            "aws_iam_role.ecs_execution_role"
          ]
        }
      ]
    },
    {
      "mode": "managed",
      "type": "aws_ecs_task_definition",
      "name": "frontend",
      "provider": "provider[\"registry.terraform.io/hashicorp/aws\"]",
      "instances": [
        {
          "schema_version": 1,
          "attributes": {
            "arn": "arn:aws:ecs:us-east-1:629385237449:task-definition/nextjs-frontend:14",
            "arn_without_revision": "arn:aws:ecs:us-east-1:629385237449:task-definition/nextjs-frontend",
            "container_definitions": "[{\"environment\":[],\"essential\":true,\"image\":\"629385237449.dkr.ecr.us-east-1.amazonaws.com/nextjs-frontend:latest\",\"mountPoints\":[],\"name\":\"nextjs-frontend\",\"portMappings\":[{\"containerPort\":3000,\"hostPort\":3000,\"protocol\":\"tcp\"}],\"systemControls\":[],\"volumesFrom\":[]}]",
            "cpu": "256",
            "enable_fault_injection": false,
            "ephemeral_storage": [],
            "execution_role_arn": "arn:aws:iam::629385237449:role/ecs_execution_role",
            "family": "nextjs-frontend",
            "id": "nextjs-frontend",
            "ipc_mode": "",
            "memory": "512",
            "network_mode": "awsvpc",
            "pid_mode": "",
            "placement_constraints": [],
            "proxy_configuration": [],
            "region": "us-east-1",
            "requires_compatibilities": [
              "FARGATE"
            ],
            "revision": 14,
            "runtime_platform": [],
            "skip_destroy": false,
            "tags": null,
            "tags_all": {},
            "task_role_arn": "",
            "track_latest": false,
            "volume": []
          },
          "sensitive_attributes": [
            [
              {
                "type": "get_attr",
                "value": "container_definitions"
              }
            ]
          ],
          "identity_schema_version": 0,
          "private": "eyJzY2hlbWFfdmVyc2lvbiI6IjEifQ==",
          "dependencies": [
            "aws_iam_role.ecs_execution_role"
          ]
        }
      ]
    },
    {
      "mode": "managed",
      "type": "aws_eip",
      "name": "nat",
      "provider": "provider[\"registry.terraform.io/hashicorp/aws\"]",
      "instances": [
        {
          "schema_version": 0,
          "attributes": {
            "address": null,
            "allocation_id": "eipalloc-05388f344e895f8ca",
            "arn": "arn:aws:ec2:us-east-1:629385237449:elastic-ip/eipalloc-05388f344e895f8ca",
            "associate_with_private_ip": null,
            "association_id": "",
            "carrier_ip": "",
            "customer_owned_ip": "",
            "customer_owned_ipv4_pool": "",
            "domain": "vpc",
            "id": "eipalloc-05388f344e895f8ca",
            "instance": "",
            "ipam_pool_id": null,
            "network_border_group": "us-east-1",
            "network_interface": "",
            "private_dns": null,
            "private_ip": "",
            "ptr_record": "",
            "public_dns": "ec2-34-199-32-36.compute-1.amazonaws.com",
            "public_ip": "34.199.32.36",
            "public_ipv4_pool": "amazon",
            "region": "us-east-1",
            "tags": null,
            "tags_all": {},
            "timeouts": null
          },
          "sensitive_attributes": [],
          "identity_schema_version": 0,
          "private": "eyJlMmJmYjczMC1lY2FhLTExZTYtOGY4OC0zNDM2M2JjN2M0YzAiOnsiZGVsZXRlIjoxODAwMDAwMDAwMDAsInJlYWQiOjkwMDAwMDAwMDAwMCwidXBkYXRlIjozMDAwMDAwMDAwMDB9fQ=="
        }
      ]
    },
    {
      "mode": "managed",
      "type": "aws_iam_role",
      "name": "ecs_execution_role",
      "provider": "provider[\"registry.terraform.io/hashicorp/aws\"]",
      "instances": [
        {
          "schema_version": 0,
          "attributes": {
            "arn": "arn:aws:iam::629385237449:role/ecs_execution_role",
            "assume_role_policy": "{\"Statement\":[{\"Action\":\"sts:AssumeRole\",\"Effect\":\"Allow\",\"Principal\":{\"Service\":\"ecs-tasks.amazonaws.com\"}}],\"Version\":\"2012-10-17\"}",
            "create_date": "2025-08-05T14:44:01Z",
            "description": "",
            "force_detach_policies": false,
            "id": "ecs_execution_role",
            "inline_policy": [],
            "managed_policy_arns": [],
            "max_session_duration": 3600,
            "name": "ecs_execution_role",
            "name_prefix": "",
            "path": "/",
            "permissions_boundary": "",
            "tags": null,
            "tags_all": {},
            "unique_id": "AROAZFCSISPEQY5JATFJ6"
          },
          "sensitive_attributes": [],
          "identity_schema_version": 0,
          "identity": {
            "account_id": "629385237449",
            "name": "ecs_execution_role"
          },
          "private": "bnVsbA=="
        }
      ]
    },
    {
      "mode": "managed",
      "type": "aws_iam_role",
      "name": "ecs_task_role",
      "provider": "provider[\"registry.terraform.io/hashicorp/aws\"]",
      "instances": [
        {
          "schema_version": 0,
          "attributes": {
            "arn": "arn:aws:iam::629385237449:role/ecs_task_role",
            "assume_role_policy": "{\"Statement\":[{\"Action\":\"sts:AssumeRole\",\"Effect\":\"Allow\",\"Principal\":{\"Service\":\"ecs-tasks.amazonaws.com\"}}],\"Version\":\"2012-10-17\"}",
            "create_date": "2025-08-05T14:44:01Z",
            "description": "",
            "force_detach_policies": false,
            "id": "ecs_task_role",
            "inline_policy": [],
            "managed_policy_arns": [],
            "max_session_duration": 3600,
            "name": "ecs_task_role",
            "name_prefix": "",
            "path": "/",
            "permissions_boundary": "",
            "tags": null,
            "tags_all": {},
            "unique_id": "AROAZFCSISPERJNR52ZOI"
          },
          "sensitive_attributes": [],
          "identity_schema_version": 0,
          "identity": {
            "account_id": "629385237449",
            "name": "ecs_task_role"
          },
          "private": "bnVsbA=="
        }
      ]
    },
    {
      "mode": "managed",
      "type": "aws_iam_role_policy_attachment",
      "name": "cloudwatch_logs",
      "provider": "provider[\"registry.terraform.io/hashicorp/aws\"]",
      "instances": [
        {
          "schema_version": 0,
          "attributes": {
            "id": "ecs_execution_role/arn:aws:iam::aws:policy/CloudWatchLogsFullAccess",
            "policy_arn": "arn:aws:iam::aws:policy/CloudWatchLogsFullAccess",
            "role": "ecs_execution_role"
          },
          "sensitive_attributes": [],
          "identity_schema_version": 0,
          "identity": {
            "account_id": "629385237449",
            "policy_arn": "arn:aws:iam::aws:policy/CloudWatchLogsFullAccess",
            "role": "ecs_execution_role"
          },
          "private": "bnVsbA==",
          "dependencies": [
            "aws_iam_role.ecs_execution_role"
          ]
        }
      ]
    },
    {
      "mode": "managed",
      "type": "aws_iam_role_policy_attachment",
      "name": "ecr_read",
      "provider": "provider[\"registry.terraform.io/hashicorp/aws\"]",
      "instances": [
        {
          "schema_version": 0,
          "attributes": {
            "id": "ecs_execution_role/arn:aws:iam::aws:policy/AmazonEC2ContainerRegistryReadOnly",
            "policy_arn": "arn:aws:iam::aws:policy/AmazonEC2ContainerRegistryReadOnly",
            "role": "ecs_execution_role"
          },
          "sensitive_attributes": [],
          "identity_schema_version": 0,
          "identity": {
            "account_id": "629385237449",
            "policy_arn": "arn:aws:iam::aws:policy/AmazonEC2ContainerRegistryReadOnly",
            "role": "ecs_execution_role"
          },
          "private": "bnVsbA==",
          "dependencies": [
            "aws_iam_role.ecs_execution_role"
          ]
        }
      ]
    },
    {
      "mode": "managed",
      "type": "aws_iam_role_policy_attachment",
      "name": "ecs_execution_role_policy",
      "provider": "provider[\"registry.terraform.io/hashicorp/aws\"]",
      "instances": [
        {
          "schema_version": 0,
          "attributes": {
            "id": "ecs_execution_role/arn:aws:iam::aws:policy/service-role/AmazonECSTaskExecutionRolePolicy",
            "policy_arn": "arn:aws:iam::aws:policy/service-role/AmazonECSTaskExecutionRolePolicy",
            "role": "ecs_execution_role"
          },
          "sensitive_attributes": [],
          "identity_schema_version": 0,
          "identity": {
            "account_id": "629385237449",
            "policy_arn": "arn:aws:iam::aws:policy/service-role/AmazonECSTaskExecutionRolePolicy",
            "role": "ecs_execution_role"
          },
          "private": "bnVsbA==",
          "dependencies": [
            "aws_iam_role.ecs_execution_role"
          ]
        }
      ]
    },
    {
      "mode": "managed",
      "type": "aws_internet_gateway",
      "name": "igw",
      "provider": "provider[\"registry.terraform.io/hashicorp/aws\"]",
      "instances": [
        {
          "schema_version": 0,
          "attributes": {
            "arn": "arn:aws:ec2:us-east-1:629385237449:internet-gateway/igw-0255e6f0169259027",
            "id": "igw-0255e6f0169259027",
            "owner_id": "629385237449",
            "region": "us-east-1",
            "tags": {
              "Name": "django-nextjs-igw"
            },
            "tags_all": {
              "Name": "django-nextjs-igw"
            },
            "timeouts": null,
            "vpc_id": "vpc-05b8e2f9843773898"
          },
          "sensitive_attributes": [],
          "identity_schema_version": 0,
          "private": "eyJlMmJmYjczMC1lY2FhLTExZTYtOGY4OC0zNDM2M2JjN2M0YzAiOnsiY3JlYXRlIjoxMjAwMDAwMDAwMDAwLCJkZWxldGUiOjEyMDAwMDAwMDAwMDAsInVwZGF0ZSI6MTIwMDAwMDAwMDAwMH19",
          "dependencies": [
            "aws_vpc.main"
          ]
        }
      ]
    },
    {
      "mode": "managed",
      "type": "aws_lb",
      "name": "backend_alb",
      "provider": "provider[\"registry.terraform.io/hashicorp/aws\"]",
      "instances": [
        {
          "schema_version": 0,
          "attributes": {
            "access_logs": [
              {
                "bucket": "",
                "enabled": false,
                "prefix": ""
              }
            ],
            "arn": "arn:aws:elasticloadbalancing:us-east-1:629385237449:loadbalancer/app/backend-alb/04577f07daca25c5",
            "arn_suffix": "app/backend-alb/04577f07daca25c5",
            "client_keep_alive": 3600,
            "connection_logs": [
              {
                "bucket": "",
                "enabled": false,
                "prefix": ""
              }
            ],
            "customer_owned_ipv4_pool": "",
            "desync_mitigation_mode": "defensive",
            "dns_name": "internal-backend-alb-2123514815.us-east-1.elb.amazonaws.com",
            "dns_record_client_routing_policy": null,
            "drop_invalid_header_fields": false,
            "enable_cross_zone_load_balancing": true,
            "enable_deletion_protection": false,
            "enable_http2": true,
            "enable_tls_version_and_cipher_suite_headers": false,
            "enable_waf_fail_open": false,
            "enable_xff_client_port": false,
            "enable_zonal_shift": false,
            "enforce_security_group_inbound_rules_on_private_link_traffic": "",
            "id": "arn:aws:elasticloadbalancing:us-east-1:629385237449:loadbalancer/app/backend-alb/04577f07daca25c5",
            "idle_timeout": 60,
            "internal": true,
            "ip_address_type": "ipv4",
            "ipam_pools": [],
            "load_balancer_type": "application",
            "minimum_load_balancer_capacity": [],
            "name": "backend-alb",
            "name_prefix": "",
            "preserve_host_header": false,
            "region": "us-east-1",
            "security_groups": [
              "sg-08cf0191159223203"
            ],
            "subnet_mapping": [
              {
                "allocation_id": "",
                "ipv6_address": "",
                "outpost_id": "",
                "private_ipv4_address": "",
                "subnet_id": "subnet-052914215f5671d76"
              },
              {
                "allocation_id": "",
                "ipv6_address": "",
                "outpost_id": "",
                "private_ipv4_address": "",
                "subnet_id": "subnet-06d03521db7fbcdee"
              }
            ],
            "subnets": [
              "subnet-052914215f5671d76",
              "subnet-06d03521db7fbcdee"
            ],
            "tags": null,
            "tags_all": {},
            "timeouts": null,
            "vpc_id": "vpc-05b8e2f9843773898",
            "xff_header_processing_mode": "append",
            "zone_id": "Z35SXDOTRQ7X7K"
          },
          "sensitive_attributes": [],
          "identity_schema_version": 0,
          "identity": {
            "arn": "arn:aws:elasticloadbalancing:us-east-1:629385237449:loadbalancer/app/backend-alb/04577f07daca25c5"
          },
          "private": "eyJlMmJmYjczMC1lY2FhLTExZTYtOGY4OC0zNDM2M2JjN2M0YzAiOnsiY3JlYXRlIjo2MDAwMDAwMDAwMDAsImRlbGV0ZSI6NjAwMDAwMDAwMDAwLCJ1cGRhdGUiOjYwMDAwMDAwMDAwMH19",
          "dependencies": [
            "aws_security_group.lb_sg",
            "aws_subnet.private",
            "aws_vpc.main"
          ]
        }
      ]
    },
    {
      "mode": "managed",
      "type": "aws_lb",
      "name": "frontend_alb",
      "provider": "provider[\"registry.terraform.io/hashicorp/aws\"]",
      "instances": [
        {
          "schema_version": 0,
          "attributes": {
            "access_logs": [
              {
                "bucket": "",
                "enabled": false,
                "prefix": ""
              }
            ],
            "arn": "arn:aws:elasticloadbalancing:us-east-1:629385237449:loadbalancer/app/frontend-alb/2391d787d52ade4f",
            "arn_suffix": "app/frontend-alb/2391d787d52ade4f",
            "client_keep_alive": 3600,
            "connection_logs": [
              {
                "bucket": "",
                "enabled": false,
                "prefix": ""
              }
            ],
            "customer_owned_ipv4_pool": "",
            "desync_mitigation_mode": "defensive",
            "dns_name": "frontend-alb-327886908.us-east-1.elb.amazonaws.com",
            "dns_record_client_routing_policy": null,
            "drop_invalid_header_fields": false,
            "enable_cross_zone_load_balancing": true,
            "enable_deletion_protection": false,
            "enable_http2": true,
            "enable_tls_version_and_cipher_suite_headers": false,
            "enable_waf_fail_open": false,
            "enable_xff_client_port": false,
            "enable_zonal_shift": false,
            "enforce_security_group_inbound_rules_on_private_link_traffic": "",
            "id": "arn:aws:elasticloadbalancing:us-east-1:629385237449:loadbalancer/app/frontend-alb/2391d787d52ade4f",
            "idle_timeout": 60,
            "internal": false,
            "ip_address_type": "ipv4",
            "ipam_pools": [],
            "load_balancer_type": "application",
            "minimum_load_balancer_capacity": [],
            "name": "frontend-alb",
            "name_prefix": "",
            "preserve_host_header": false,
            "region": "us-east-1",
            "security_groups": [
              "sg-08cf0191159223203"
            ],
            "subnet_mapping": [
              {
                "allocation_id": "",
                "ipv6_address": "",
                "outpost_id": "",
                "private_ipv4_address": "",
                "subnet_id": "subnet-0498b7f218e51ce4c"
              },
              {
                "allocation_id": "",
                "ipv6_address": "",
                "outpost_id": "",
                "private_ipv4_address": "",
                "subnet_id": "subnet-084953e1f95239e34"
              }
            ],
            "subnets": [
              "subnet-0498b7f218e51ce4c",
              "subnet-084953e1f95239e34"
            ],
            "tags": null,
            "tags_all": {},
            "timeouts": null,
            "vpc_id": "vpc-05b8e2f9843773898",
            "xff_header_processing_mode": "append",
            "zone_id": "Z35SXDOTRQ7X7K"
          },
          "sensitive_attributes": [],
          "identity_schema_version": 0,
          "identity": {
            "arn": "arn:aws:elasticloadbalancing:us-east-1:629385237449:loadbalancer/app/frontend-alb/2391d787d52ade4f"
          },
          "private": "eyJlMmJmYjczMC1lY2FhLTExZTYtOGY4OC0zNDM2M2JjN2M0YzAiOnsiY3JlYXRlIjo2MDAwMDAwMDAwMDAsImRlbGV0ZSI6NjAwMDAwMDAwMDAwLCJ1cGRhdGUiOjYwMDAwMDAwMDAwMH19",
          "dependencies": [
            "aws_security_group.lb_sg",
            "aws_subnet.public",
            "aws_vpc.main"
          ]
        }
      ]
    },
    {
      "mode": "managed",
      "type": "aws_lb_listener",
      "name": "backend",
      "provider": "provider[\"registry.terraform.io/hashicorp/aws\"]",
      "instances": [
        {
          "schema_version": 0,
          "attributes": {
            "alpn_policy": null,
            "arn": "arn:aws:elasticloadbalancing:us-east-1:629385237449:listener/app/backend-alb/04577f07daca25c5/957f200277e510af",
            "certificate_arn": null,
            "default_action": [
              {
                "authenticate_cognito": [],
                "authenticate_oidc": [],
                "fixed_response": [],
                "forward": [],
                "order": 1,
                "redirect": [],
                "target_group_arn": "arn:aws:elasticloadbalancing:us-east-1:629385237449:targetgroup/backend-tg/3fc8bb4de5729079",
                "type": "forward"
              }
            ],
            "id": "arn:aws:elasticloadbalancing:us-east-1:629385237449:listener/app/backend-alb/04577f07daca25c5/957f200277e510af",
            "load_balancer_arn": "arn:aws:elasticloadbalancing:us-east-1:629385237449:loadbalancer/app/backend-alb/04577f07daca25c5",
            "mutual_authentication": [],
            "port": 80,
            "protocol": "HTTP",
            "region": "us-east-1",
            "routing_http_request_x_amzn_mtls_clientcert_header_name": null,
            "routing_http_request_x_amzn_mtls_clientcert_issuer_header_name": null,
            "routing_http_request_x_amzn_mtls_clientcert_leaf_header_name": null,
            "routing_http_request_x_amzn_mtls_clientcert_serial_number_header_name": null,
            "routing_http_request_x_amzn_mtls_clientcert_subject_header_name": null,
            "routing_http_request_x_amzn_mtls_clientcert_validity_header_name": null,
            "routing_http_request_x_amzn_tls_cipher_suite_header_name": null,
            "routing_http_request_x_amzn_tls_version_header_name": null,
            "routing_http_response_access_control_allow_credentials_header_value": "",
            "routing_http_response_access_control_allow_headers_header_value": "",
            "routing_http_response_access_control_allow_methods_header_value": "",
            "routing_http_response_access_control_allow_origin_header_value": "",
            "routing_http_response_access_control_expose_headers_header_value": "",
            "routing_http_response_access_control_max_age_header_value": "",
            "routing_http_response_content_security_policy_header_value": "",
            "routing_http_response_server_enabled": true,
            "routing_http_response_strict_transport_security_header_value": "",
            "routing_http_response_x_content_type_options_header_value": "",
            "routing_http_response_x_frame_options_header_value": "",
            "ssl_policy": "",
            "tags": null,
            "tags_all": {},
            "tcp_idle_timeout_seconds": null,
            "timeouts": null
          },
          "sensitive_attributes": [],
          "identity_schema_version": 0,
          "identity": {
            "arn": "arn:aws:elasticloadbalancing:us-east-1:629385237449:listener/app/backend-alb/04577f07daca25c5/957f200277e510af"
          },
          "private": "eyJlMmJmYjczMC1lY2FhLTExZTYtOGY4OC0zNDM2M2JjN2M0YzAiOnsiY3JlYXRlIjozMDAwMDAwMDAwMDAsInVwZGF0ZSI6MzAwMDAwMDAwMDAwfX0=",
          "dependencies": [
            "aws_lb.backend_alb",
            "aws_lb_target_group.backend_tg",
            "aws_security_group.lb_sg",
            "aws_subnet.private",
            "aws_vpc.main"
          ]
        }
      ]
    },
    {
      "mode": "managed",
      "type": "aws_lb_listener",
      "name": "frontend",
      "provider": "provider[\"registry.terraform.io/hashicorp/aws\"]",
      "instances": [
        {
          "schema_version": 0,
          "attributes": {
            "alpn_policy": null,
            "arn": "arn:aws:elasticloadbalancing:us-east-1:629385237449:listener/app/frontend-alb/2391d787d52ade4f/de3fd1105f1e1fa2",
            "certificate_arn": null,
            "default_action": [
              {
                "authenticate_cognito": [],
                "authenticate_oidc": [],
                "fixed_response": [],
                "forward": [],
                "order": 1,
                "redirect": [],
                "target_group_arn": "arn:aws:elasticloadbalancing:us-east-1:629385237449:targetgroup/frontend-tg/12f8b2f4e9384fbe",
                "type": "forward"
              }
            ],
            "id": "arn:aws:elasticloadbalancing:us-east-1:629385237449:listener/app/frontend-alb/2391d787d52ade4f/de3fd1105f1e1fa2",
            "load_balancer_arn": "arn:aws:elasticloadbalancing:us-east-1:629385237449:loadbalancer/app/frontend-alb/2391d787d52ade4f",
            "mutual_authentication": [],
            "port": 80,
            "protocol": "HTTP",
            "region": "us-east-1",
            "routing_http_request_x_amzn_mtls_clientcert_header_name": null,
            "routing_http_request_x_amzn_mtls_clientcert_issuer_header_name": null,
            "routing_http_request_x_amzn_mtls_clientcert_leaf_header_name": null,
            "routing_http_request_x_amzn_mtls_clientcert_serial_number_header_name": null,
            "routing_http_request_x_amzn_mtls_clientcert_subject_header_name": null,
            "routing_http_request_x_amzn_mtls_clientcert_validity_header_name": null,
            "routing_http_request_x_amzn_tls_cipher_suite_header_name": null,
            "routing_http_request_x_amzn_tls_version_header_name": null,
            "routing_http_response_access_control_allow_credentials_header_value": "",
            "routing_http_response_access_control_allow_headers_header_value": "",
            "routing_http_response_access_control_allow_methods_header_value": "",
            "routing_http_response_access_control_allow_origin_header_value": "",
            "routing_http_response_access_control_expose_headers_header_value": "",
            "routing_http_response_access_control_max_age_header_value": "",
            "routing_http_response_content_security_policy_header_value": "",
            "routing_http_response_server_enabled": true,
            "routing_http_response_strict_transport_security_header_value": "",
            "routing_http_response_x_content_type_options_header_value": "",
            "routing_http_response_x_frame_options_header_value": "",
            "ssl_policy": "",
            "tags": null,
            "tags_all": {},
            "tcp_idle_timeout_seconds": null,
            "timeouts": null
          },
          "sensitive_attributes": [],
          "identity_schema_version": 0,
          "identity": {
            "arn": "arn:aws:elasticloadbalancing:us-east-1:629385237449:listener/app/frontend-alb/2391d787d52ade4f/de3fd1105f1e1fa2"
          },
          "private": "eyJlMmJmYjczMC1lY2FhLTExZTYtOGY4OC0zNDM2M2JjN2M0YzAiOnsiY3JlYXRlIjozMDAwMDAwMDAwMDAsInVwZGF0ZSI6MzAwMDAwMDAwMDAwfX0=",
          "dependencies": [
            "aws_lb.frontend_alb",
            "aws_lb_target_group.frontend_tg",
            "aws_security_group.lb_sg",
            "aws_subnet.public",
            "aws_vpc.main"
          ]
        }
      ]
    },
    {
      "mode": "managed",
      "type": "aws_lb_target_group",
      "name": "backend_tg",
      "provider": "provider[\"registry.terraform.io/hashicorp/aws\"]",
      "instances": [
        {
          "schema_version": 0,
          "attributes": {
            "arn": "arn:aws:elasticloadbalancing:us-east-1:629385237449:targetgroup/backend-tg/3fc8bb4de5729079",
            "arn_suffix": "targetgroup/backend-tg/3fc8bb4de5729079",
            "connection_termination": null,
            "deregistration_delay": "300",
            "health_check": [
              {
                "enabled": true,
                "healthy_threshold": 3,
                "interval": 30,
                "matcher": "200-399",
                "path": "/health/",
                "port": "traffic-port",
                "protocol": "HTTP",
                "timeout": 5,
                "unhealthy_threshold": 3
              }
            ],
            "id": "arn:aws:elasticloadbalancing:us-east-1:629385237449:targetgroup/backend-tg/3fc8bb4de5729079",
            "ip_address_type": "ipv4",
            "lambda_multi_value_headers_enabled": false,
            "load_balancer_arns": [],
            "load_balancing_algorithm_type": "round_robin",
            "load_balancing_anomaly_mitigation": "off",
            "load_balancing_cross_zone_enabled": "use_load_balancer_configuration",
            "name": "backend-tg",
            "name_prefix": "",
            "port": 8000,
            "preserve_client_ip": null,
            "protocol": "HTTP",
            "protocol_version": "HTTP1",
            "proxy_protocol_v2": false,
            "region": "us-east-1",
            "slow_start": 0,
            "stickiness": [
              {
                "cookie_duration": 86400,
                "cookie_name": "",
                "enabled": false,
                "type": "lb_cookie"
              }
            ],
            "tags": null,
            "tags_all": {},
            "target_failover": [
              {
                "on_deregistration": null,
                "on_unhealthy": null
              }
            ],
            "target_group_health": [
              {
                "dns_failover": [
                  {
                    "minimum_healthy_targets_count": "1",
                    "minimum_healthy_targets_percentage": "off"
                  }
                ],
                "unhealthy_state_routing": [
                  {
                    "minimum_healthy_targets_count": 1,
                    "minimum_healthy_targets_percentage": "off"
                  }
                ]
              }
            ],
            "target_health_state": [
              {
                "enable_unhealthy_connection_termination": null,
                "unhealthy_draining_interval": null
              }
            ],
            "target_type": "ip",
            "vpc_id": "vpc-05b8e2f9843773898"
          },
          "sensitive_attributes": [],
          "identity_schema_version": 0,
          "identity": {
            "arn": "arn:aws:elasticloadbalancing:us-east-1:629385237449:targetgroup/backend-tg/3fc8bb4de5729079"
          },
          "private": "bnVsbA==",
          "dependencies": [
            "aws_vpc.main"
          ]
        }
      ]
    },
    {
      "mode": "managed",
      "type": "aws_lb_target_group",
      "name": "frontend_tg",
      "provider": "provider[\"registry.terraform.io/hashicorp/aws\"]",
      "instances": [
        {
          "schema_version": 0,
          "attributes": {
            "arn": "arn:aws:elasticloadbalancing:us-east-1:629385237449:targetgroup/frontend-tg/12f8b2f4e9384fbe",
            "arn_suffix": "targetgroup/frontend-tg/12f8b2f4e9384fbe",
            "connection_termination": null,
            "deregistration_delay": "300",
            "health_check": [
              {
                "enabled": true,
                "healthy_threshold": 3,
                "interval": 30,
                "matcher": "200",
                "path": "/",
                "port": "traffic-port",
                "protocol": "HTTP",
                "timeout": 5,
                "unhealthy_threshold": 3
              }
            ],
            "id": "arn:aws:elasticloadbalancing:us-east-1:629385237449:targetgroup/frontend-tg/12f8b2f4e9384fbe",
            "ip_address_type": "ipv4",
            "lambda_multi_value_headers_enabled": false,
            "load_balancer_arns": [],
            "load_balancing_algorithm_type": "round_robin",
            "load_balancing_anomaly_mitigation": "off",
            "load_balancing_cross_zone_enabled": "use_load_balancer_configuration",
            "name": "frontend-tg",
            "name_prefix": "",
            "port": 3000,
            "preserve_client_ip": null,
            "protocol": "HTTP",
            "protocol_version": "HTTP1",
            "proxy_protocol_v2": false,
            "region": "us-east-1",
            "slow_start": 0,
            "stickiness": [
              {
                "cookie_duration": 86400,
                "cookie_name": "",
                "enabled": false,
                "type": "lb_cookie"
              }
            ],
            "tags": null,
            "tags_all": {},
            "target_failover": [
              {
                "on_deregistration": null,
                "on_unhealthy": null
              }
            ],
            "target_group_health": [
              {
                "dns_failover": [
                  {
                    "minimum_healthy_targets_count": "1",
                    "minimum_healthy_targets_percentage": "off"
                  }
                ],
                "unhealthy_state_routing": [
                  {
                    "minimum_healthy_targets_count": 1,
                    "minimum_healthy_targets_percentage": "off"
                  }
                ]
              }
            ],
            "target_health_state": [
              {
                "enable_unhealthy_connection_termination": null,
                "unhealthy_draining_interval": null
              }
            ],
            "target_type": "ip",
            "vpc_id": "vpc-05b8e2f9843773898"
          },
          "sensitive_attributes": [],
          "identity_schema_version": 0,
          "identity": {
            "arn": "arn:aws:elasticloadbalancing:us-east-1:629385237449:targetgroup/frontend-tg/12f8b2f4e9384fbe"
          },
          "private": "bnVsbA==",
          "dependencies": [
            "aws_vpc.main"
          ]
        }
      ]
    },
    {
      "mode": "managed",
      "type": "aws_nat_gateway",
      "name": "nat",
      "provider": "provider[\"registry.terraform.io/hashicorp/aws\"]",
      "instances": [
        {
          "schema_version": 0,
          "attributes": {
            "allocation_id": "eipalloc-05388f344e895f8ca",
            "association_id": "eipassoc-0d485eb884f203e5e",
            "connectivity_type": "public",
            "id": "nat-0c0993ba23d4763b3",
            "network_interface_id": "eni-05286242f28eed841",
            "private_ip": "10.0.1.236",
            "public_ip": "34.199.32.36",
            "region": "us-east-1",
            "secondary_allocation_ids": [],
            "secondary_private_ip_address_count": 0,
            "secondary_private_ip_addresses": [],
            "subnet_id": "subnet-0498b7f218e51ce4c",
            "tags": {
              "Name": "django-nextjs-nat"
            },
            "tags_all": {
              "Name": "django-nextjs-nat"
            },
            "timeouts": null
          },
          "sensitive_attributes": [],
          "identity_schema_version": 0,
          "private": "eyJlMmJmYjczMC1lY2FhLTExZTYtOGY4OC0zNDM2M2JjN2M0YzAiOnsiY3JlYXRlIjo2MDAwMDAwMDAwMDAsImRlbGV0ZSI6MTgwMDAwMDAwMDAwMCwidXBkYXRlIjo2MDAwMDAwMDAwMDB9fQ==",
          "dependencies": [
            "aws_eip.nat",
            "aws_subnet.public",
            "aws_vpc.main"
          ]
        }
      ]
    },
    {
      "mode": "managed",
      "type": "aws_route_table",
      "name": "private",
      "provider": "provider[\"registry.terraform.io/hashicorp/aws\"]",
      "instances": [
        {
          "schema_version": 0,
          "attributes": {
            "arn": "arn:aws:ec2:us-east-1:629385237449:route-table/rtb-0aa28ba9130d5519c",
            "id": "rtb-0aa28ba9130d5519c",
            "owner_id": "629385237449",
            "propagating_vgws": [],
            "region": "us-east-1",
            "route": [
              {
                "carrier_gateway_id": "",
                "cidr_block": "0.0.0.0/0",
                "core_network_arn": "",
                "destination_prefix_list_id": "",
                "egress_only_gateway_id": "",
                "gateway_id": "",
                "ipv6_cidr_block": "",
                "local_gateway_id": "",
                "nat_gateway_id": "nat-0c0993ba23d4763b3",
                "network_interface_id": "",
                "transit_gateway_id": "",
                "vpc_endpoint_id": "",
                "vpc_peering_connection_id": ""
              }
            ],
            "tags": {
              "Name": "private-route-table"
            },
            "tags_all": {
              "Name": "private-route-table"
            },
            "timeouts": null,
            "vpc_id": "vpc-05b8e2f9843773898"
          },
          "sensitive_attributes": [],
          "identity_schema_version": 0,
          "private": "eyJlMmJmYjczMC1lY2FhLTExZTYtOGY4OC0zNDM2M2JjN2M0YzAiOnsiY3JlYXRlIjozMDAwMDAwMDAwMDAsImRlbGV0ZSI6MzAwMDAwMDAwMDAwLCJ1cGRhdGUiOjEyMDAwMDAwMDAwMH19",
          "dependencies": [
            "aws_eip.nat",
            "aws_nat_gateway.nat",
            "aws_subnet.public",
            "aws_vpc.main"
          ]
        }
      ]
    },
    {
      "mode": "managed",
      "type": "aws_route_table",
      "name": "public",
      "provider": "provider[\"registry.terraform.io/hashicorp/aws\"]",
      "instances": [
        {
          "schema_version": 0,
          "attributes": {
            "arn": "arn:aws:ec2:us-east-1:629385237449:route-table/rtb-020a7111a7485f2c4",
            "id": "rtb-020a7111a7485f2c4",
            "owner_id": "629385237449",
            "propagating_vgws": [],
            "region": "us-east-1",
            "route": [
              {
                "carrier_gateway_id": "",
                "cidr_block": "0.0.0.0/0",
                "core_network_arn": "",
                "destination_prefix_list_id": "",
                "egress_only_gateway_id": "",
                "gateway_id": "igw-0255e6f0169259027",
                "ipv6_cidr_block": "",
                "local_gateway_id": "",
                "nat_gateway_id": "",
                "network_interface_id": "",
                "transit_gateway_id": "",
                "vpc_endpoint_id": "",
                "vpc_peering_connection_id": ""
              }
            ],
            "tags": {
              "Name": "public-route-table"
            },
            "tags_all": {
              "Name": "public-route-table"
            },
            "timeouts": null,
            "vpc_id": "vpc-05b8e2f9843773898"
          },
          "sensitive_attributes": [],
          "identity_schema_version": 0,
          "private": "eyJlMmJmYjczMC1lY2FhLTExZTYtOGY4OC0zNDM2M2JjN2M0YzAiOnsiY3JlYXRlIjozMDAwMDAwMDAwMDAsImRlbGV0ZSI6MzAwMDAwMDAwMDAwLCJ1cGRhdGUiOjEyMDAwMDAwMDAwMH19",
          "dependencies": [
            "aws_internet_gateway.igw",
            "aws_vpc.main"
          ]
        }
      ]
    },
    {
      "mode": "managed",
      "type": "aws_route_table_association",
      "name": "private",
      "provider": "provider[\"registry.terraform.io/hashicorp/aws\"]",
      "instances": [
        {
          "index_key": 0,
          "schema_version": 0,
          "attributes": {
            "gateway_id": "",
            "id": "rtbassoc-0f3390ab1f47c484a",
            "region": "us-east-1",
            "route_table_id": "rtb-0aa28ba9130d5519c",
            "subnet_id": "subnet-052914215f5671d76",
            "timeouts": null
          },
          "sensitive_attributes": [],
          "identity_schema_version": 0,
          "private": "eyJlMmJmYjczMC1lY2FhLTExZTYtOGY4OC0zNDM2M2JjN2M0YzAiOnsiY3JlYXRlIjozMDAwMDAwMDAwMDAsImRlbGV0ZSI6MzAwMDAwMDAwMDAwLCJ1cGRhdGUiOjEyMDAwMDAwMDAwMH19",
          "dependencies": [
            "aws_eip.nat",
            "aws_nat_gateway.nat",
            "aws_route_table.private",
            "aws_subnet.private",
            "aws_subnet.public",
            "aws_vpc.main"
          ]
        },
        {
          "index_key": 1,
          "schema_version": 0,
          "attributes": {
            "gateway_id": "",
            "id": "rtbassoc-03a125981f48354e5",
            "region": "us-east-1",
            "route_table_id": "rtb-0aa28ba9130d5519c",
            "subnet_id": "subnet-06d03521db7fbcdee",
            "timeouts": null
          },
          "sensitive_attributes": [],
          "identity_schema_version": 0,
          "private": "eyJlMmJmYjczMC1lY2FhLTExZTYtOGY4OC0zNDM2M2JjN2M0YzAiOnsiY3JlYXRlIjozMDAwMDAwMDAwMDAsImRlbGV0ZSI6MzAwMDAwMDAwMDAwLCJ1cGRhdGUiOjEyMDAwMDAwMDAwMH19",
          "dependencies": [
            "aws_eip.nat",
            "aws_nat_gateway.nat",
            "aws_route_table.private",
            "aws_subnet.private",
            "aws_subnet.public",
            "aws_vpc.main"
          ]
        }
      ]
    },
    {
      "mode": "managed",
      "type": "aws_route_table_association",
      "name": "public",
      "provider": "provider[\"registry.terraform.io/hashicorp/aws\"]",
      "instances": [
        {
          "index_key": 0,
          "schema_version": 0,
          "attributes": {
            "gateway_id": "",
            "id": "rtbassoc-010eb9f800a50ef0f",
            "region": "us-east-1",
            "route_table_id": "rtb-020a7111a7485f2c4",
            "subnet_id": "subnet-0498b7f218e51ce4c",
            "timeouts": null
          },
          "sensitive_attributes": [],
          "identity_schema_version": 0,
          "private": "eyJlMmJmYjczMC1lY2FhLTExZTYtOGY4OC0zNDM2M2JjN2M0YzAiOnsiY3JlYXRlIjozMDAwMDAwMDAwMDAsImRlbGV0ZSI6MzAwMDAwMDAwMDAwLCJ1cGRhdGUiOjEyMDAwMDAwMDAwMH19",
          "dependencies": [
            "aws_internet_gateway.igw",
            "aws_route_table.public",
            "aws_subnet.public",
            "aws_vpc.main"
          ]
        },
        {
          "index_key": 1,
          "schema_version": 0,
          "attributes": {
            "gateway_id": "",
            "id": "rtbassoc-053db22fc9d2f9f6e",
            "region": "us-east-1",
            "route_table_id": "rtb-020a7111a7485f2c4",
            "subnet_id": "subnet-084953e1f95239e34",
            "timeouts": null
          },
          "sensitive_attributes": [],
          "identity_schema_version": 0,
          "private": "eyJlMmJmYjczMC1lY2FhLTExZTYtOGY4OC0zNDM2M2JjN2M0YzAiOnsiY3JlYXRlIjozMDAwMDAwMDAwMDAsImRlbGV0ZSI6MzAwMDAwMDAwMDAwLCJ1cGRhdGUiOjEyMDAwMDAwMDAwMH19",
          "dependencies": [
            "aws_internet_gateway.igw",
            "aws_route_table.public",
            "aws_subnet.public",
            "aws_vpc.main"
          ]
        }
      ]
    },
    {
      "mode": "managed",
      "type": "aws_security_group",
      "name": "backend_ecs_sg",
      "provider": "provider[\"registry.terraform.io/hashicorp/aws\"]",
      "instances": [
        {
          "schema_version": 1,
          "attributes": {
            "arn": "arn:aws:ec2:us-east-1:629385237449:security-group/sg-0357b20a30c5ab839",
            "description": "Allow traffic from backend ALB to backend ECS",
            "egress": [
              {
                "cidr_blocks": [
                  "0.0.0.0/0"
                ],
                "description": "Allow all outbound",
                "from_port": 0,
                "ipv6_cidr_blocks": [],
                "prefix_list_ids": [],
                "protocol": "-1",
                "security_groups": [],
                "self": false,
                "to_port": 0
              }
            ],
            "id": "sg-0357b20a30c5ab839",
            "ingress": [
              {
                "cidr_blocks": [],
                "description": "Allow from backend ALB",
                "from_port": 8000,
                "ipv6_cidr_blocks": [],
                "prefix_list_ids": [],
                "protocol": "tcp",
                "security_groups": [
                  "sg-08cf0191159223203"
                ],
                "self": false,
                "to_port": 8000
              },
              {
                "cidr_blocks": [],
                "description": "Allow from frontend ECS",
                "from_port": 8000,
                "ipv6_cidr_blocks": [],
                "prefix_list_ids": [],
                "protocol": "tcp",
                "security_groups": [
                  "sg-067b3cd15ceeb7fd4"
                ],
                "self": false,
                "to_port": 8000
              }
            ],
            "name": "backend-ecs-sg",
            "name_prefix": "",
            "owner_id": "629385237449",
            "region": "us-east-1",
            "revoke_rules_on_delete": false,
            "tags": {
              "Name": "Backend-ECS-SG"
            },
            "tags_all": {
              "Name": "Backend-ECS-SG"
            },
            "timeouts": null,
            "vpc_id": "vpc-05b8e2f9843773898"
          },
          "sensitive_attributes": [],
          "identity_schema_version": 0,
          "private": "eyJlMmJmYjczMC1lY2FhLTExZTYtOGY4OC0zNDM2M2JjN2M0YzAiOnsiY3JlYXRlIjo2MDAwMDAwMDAwMDAsImRlbGV0ZSI6OTAwMDAwMDAwMDAwfSwic2NoZW1hX3ZlcnNpb24iOiIxIn0=",
          "dependencies": [
            "aws_security_group.frontend_ecs_sg",
            "aws_security_group.lb_sg",
            "aws_vpc.main"
          ]
        }
      ]
    },
    {
      "mode": "managed",
      "type": "aws_security_group",
      "name": "frontend_ecs_sg",
      "provider": "provider[\"registry.terraform.io/hashicorp/aws\"]",
      "instances": [
        {
          "schema_version": 1,
          "attributes": {
            "arn": "arn:aws:ec2:us-east-1:629385237449:security-group/sg-067b3cd15ceeb7fd4",
            "description": "Allow traffic from frontend ALB to frontend ECS",
            "egress": [
              {
                "cidr_blocks": [
                  "0.0.0.0/0"
                ],
                "description": "Allow all outbound",
                "from_port": 0,
                "ipv6_cidr_blocks": [],
                "prefix_list_ids": [],
                "protocol": "-1",
                "security_groups": [],
                "self": false,
                "to_port": 0
              }
            ],
            "id": "sg-067b3cd15ceeb7fd4",
            "ingress": [
              {
                "cidr_blocks": [],
                "description": "Allow from frontend ALB",
                "from_port": 3000,
                "ipv6_cidr_blocks": [],
                "prefix_list_ids": [],
                "protocol": "tcp",
                "security_groups": [
                  "sg-08cf0191159223203"
                ],
                "self": false,
                "to_port": 3000
              }
            ],
            "name": "frontend-ecs-sg",
            "name_prefix": "",
            "owner_id": "629385237449",
            "region": "us-east-1",
            "revoke_rules_on_delete": false,
            "tags": {
              "Name": "Frontend-ECS-SG"
            },
            "tags_all": {
              "Name": "Frontend-ECS-SG"
            },
            "timeouts": null,
            "vpc_id": "vpc-05b8e2f9843773898"
          },
          "sensitive_attributes": [],
          "identity_schema_version": 0,
          "private": "eyJlMmJmYjczMC1lY2FhLTExZTYtOGY4OC0zNDM2M2JjN2M0YzAiOnsiY3JlYXRlIjo2MDAwMDAwMDAwMDAsImRlbGV0ZSI6OTAwMDAwMDAwMDAwfSwic2NoZW1hX3ZlcnNpb24iOiIxIn0=",
          "dependencies": [
            "aws_security_group.lb_sg",
            "aws_vpc.main"
          ]
        }
      ]
    },
    {
      "mode": "managed",
      "type": "aws_security_group",
      "name": "lb_sg",
      "provider": "provider[\"registry.terraform.io/hashicorp/aws\"]",
      "instances": [
        {
          "schema_version": 1,
          "attributes": {
            "arn": "arn:aws:ec2:us-east-1:629385237449:security-group/sg-08cf0191159223203",
            "description": "Allow HTTP/HTTPS inbound traffic to ALB",
            "egress": [
              {
                "cidr_blocks": [
                  "0.0.0.0/0"
                ],
                "description": "Allow all outbound",
                "from_port": 0,
                "ipv6_cidr_blocks": [],
                "prefix_list_ids": [],
                "protocol": "-1",
                "security_groups": [],
                "self": false,
                "to_port": 0
              }
            ],
            "id": "sg-08cf0191159223203",
            "ingress": [
              {
                "cidr_blocks": [
                  "0.0.0.0/0"
                ],
                "description": "HTTP from anywhere",
                "from_port": 80,
                "ipv6_cidr_blocks": [],
                "prefix_list_ids": [],
                "protocol": "tcp",
                "security_groups": [],
                "self": false,
                "to_port": 80
              },
              {
                "cidr_blocks": [
                  "0.0.0.0/0"
                ],
                "description": "HTTPS from anywhere",
                "from_port": 443,
                "ipv6_cidr_blocks": [],
                "prefix_list_ids": [],
                "protocol": "tcp",
                "security_groups": [],
                "self": false,
                "to_port": 443
              }
            ],
            "name": "lb-sg",
            "name_prefix": "",
            "owner_id": "629385237449",
            "region": "us-east-1",
            "revoke_rules_on_delete": false,
            "tags": {
              "Name": "LoadBalancer-SG"
            },
            "tags_all": {
              "Name": "LoadBalancer-SG"
            },
            "timeouts": null,
            "vpc_id": "vpc-05b8e2f9843773898"
          },
          "sensitive_attributes": [],
          "identity_schema_version": 0,
          "private": "eyJlMmJmYjczMC1lY2FhLTExZTYtOGY4OC0zNDM2M2JjN2M0YzAiOnsiY3JlYXRlIjo2MDAwMDAwMDAwMDAsImRlbGV0ZSI6OTAwMDAwMDAwMDAwfSwic2NoZW1hX3ZlcnNpb24iOiIxIn0=",
          "dependencies": [
            "aws_vpc.main"
          ]
        }
      ]
    },
    {
      "mode": "managed",
      "type": "aws_sns_topic",
      "name": "alerts",
      "provider": "provider[\"registry.terraform.io/hashicorp/aws\"]",
      "instances": [
        {
          "schema_version": 0,
          "attributes": {
            "application_failure_feedback_role_arn": "",
            "application_success_feedback_role_arn": "",
            "application_success_feedback_sample_rate": 0,
            "archive_policy": "",
            "arn": "arn:aws:sns:us-east-1:629385237449:ecs-alerts-topic",
            "beginning_archive_time": "",
            "content_based_deduplication": false,
            "delivery_policy": "",
            "display_name": "",
            "fifo_throughput_scope": "",
            "fifo_topic": false,
            "firehose_failure_feedback_role_arn": "",
            "firehose_success_feedback_role_arn": "",
            "firehose_success_feedback_sample_rate": 0,
            "http_failure_feedback_role_arn": "",
            "http_success_feedback_role_arn": "",
            "http_success_feedback_sample_rate": 0,
            "id": "arn:aws:sns:us-east-1:629385237449:ecs-alerts-topic",
            "kms_master_key_id": "",
            "lambda_failure_feedback_role_arn": "",
            "lambda_success_feedback_role_arn": "",
            "lambda_success_feedback_sample_rate": 0,
            "name": "ecs-alerts-topic",
            "name_prefix": "",
            "owner": "629385237449",
            "policy": "{\"Id\":\"__default_policy_ID\",\"Statement\":[{\"Action\":[\"SNS:GetTopicAttributes\",\"SNS:SetTopicAttributes\",\"SNS:AddPermission\",\"SNS:RemovePermission\",\"SNS:DeleteTopic\",\"SNS:Subscribe\",\"SNS:ListSubscriptionsByTopic\",\"SNS:Publish\"],\"Condition\":{\"StringEquals\":{\"AWS:SourceOwner\":\"629385237449\"}},\"Effect\":\"Allow\",\"Principal\":{\"AWS\":\"*\"},\"Resource\":\"arn:aws:sns:us-east-1:629385237449:ecs-alerts-topic\",\"Sid\":\"__default_statement_ID\"}],\"Version\":\"2008-10-17\"}",
            "region": "us-east-1",
            "signature_version": 0,
            "sqs_failure_feedback_role_arn": "",
            "sqs_success_feedback_role_arn": "",
            "sqs_success_feedback_sample_rate": 0,
            "tags": null,
            "tags_all": {},
            "tracing_config": ""
          },
          "sensitive_attributes": [],
          "identity_schema_version": 0,
          "identity": {
            "arn": "arn:aws:sns:us-east-1:629385237449:ecs-alerts-topic"
          },
          "private": "bnVsbA=="
        }
      ]
    },
    {
      "mode": "managed",
      "type": "aws_sns_topic_policy",
      "name": "default",
      "provider": "provider[\"registry.terraform.io/hashicorp/aws\"]",
      "instances": [
        {
          "schema_version": 0,
          "attributes": {
            "arn": "arn:aws:sns:us-east-1:629385237449:ecs-alerts-topic",
            "id": "arn:aws:sns:us-east-1:629385237449:ecs-alerts-topic",
            "owner": "629385237449",
            "policy": "{\"Statement\":[{\"Action\":\"sns:Publish\",\"Effect\":\"Allow\",\"Principal\":{\"Service\":\"cloudwatch.amazonaws.com\"},\"Resource\":\"arn:aws:sns:us-east-1:629385237449:ecs-alerts-topic\"}],\"Version\":\"2012-10-17\"}",
            "region": "us-east-1"
          },
          "sensitive_attributes": [],
          "identity_schema_version": 0,
          "private": "bnVsbA==",
          "dependencies": [
            "aws_sns_topic.alerts"
          ]
        }
      ]
    },
    {
      "mode": "managed",
      "type": "aws_sns_topic_subscription",
      "name": "email_subscription",
      "provider": "provider[\"registry.terraform.io/hashicorp/aws\"]",
      "instances": [
        {
          "schema_version": 0,
          "attributes": {
            "arn": "arn:aws:sns:us-east-1:629385237449:ecs-alerts-topic:347bf541-ad9d-4d9c-8fd6-cff278109c80",
            "confirmation_timeout_in_minutes": 1,
            "confirmation_was_authenticated": false,
            "delivery_policy": "",
            "endpoint": "abhishek.sa.2001@gmail.com",
            "endpoint_auto_confirms": false,
            "filter_policy": "",
            "filter_policy_scope": "",
            "id": "arn:aws:sns:us-east-1:629385237449:ecs-alerts-topic:347bf541-ad9d-4d9c-8fd6-cff278109c80",
            "owner_id": "629385237449",
            "pending_confirmation": true,
            "protocol": "email",
            "raw_message_delivery": false,
            "redrive_policy": "",
            "region": "us-east-1",
            "replay_policy": "",
            "subscription_role_arn": "",
            "topic_arn": "arn:aws:sns:us-east-1:629385237449:ecs-alerts-topic"
          },
          "sensitive_attributes": [],
          "identity_schema_version": 0,
          "private": "bnVsbA==",
          "dependencies": [
            "aws_sns_topic.alerts"
          ]
        }
      ]
    },
    {
      "mode": "managed",
      "type": "aws_subnet",
      "name": "private",
      "provider": "provider[\"registry.terraform.io/hashicorp/aws\"]",
      "instances": [
        {
          "index_key": 0,
          "schema_version": 1,
          "attributes": {
            "arn": "arn:aws:ec2:us-east-1:629385237449:subnet/subnet-052914215f5671d76",
            "assign_ipv6_address_on_creation": false,
            "availability_zone": "us-east-1a",
            "availability_zone_id": "use1-az6",
            "cidr_block": "10.0.3.0/24",
            "customer_owned_ipv4_pool": "",
            "enable_dns64": false,
            "enable_lni_at_device_index": 0,
            "enable_resource_name_dns_a_record_on_launch": false,
            "enable_resource_name_dns_aaaa_record_on_launch": false,
            "id": "subnet-052914215f5671d76",
            "ipv6_cidr_block": "",
            "ipv6_cidr_block_association_id": "",
            "ipv6_native": false,
            "map_customer_owned_ip_on_launch": false,
            "map_public_ip_on_launch": false,
            "outpost_arn": "",
            "owner_id": "629385237449",
            "private_dns_hostname_type_on_launch": "ip-name",
            "region": "us-east-1",
            "tags": {
              "Name": "private-subnet-0",
              "Tier": "Private"
            },
            "tags_all": {
              "Name": "private-subnet-0",
              "Tier": "Private"
            },
            "timeouts": null,
            "vpc_id": "vpc-05b8e2f9843773898"
          },
          "sensitive_attributes": [],
          "identity_schema_version": 0,
          "private": "eyJlMmJmYjczMC1lY2FhLTExZTYtOGY4OC0zNDM2M2JjN2M0YzAiOnsiY3JlYXRlIjo2MDAwMDAwMDAwMDAsImRlbGV0ZSI6MTIwMDAwMDAwMDAwMH0sInNjaGVtYV92ZXJzaW9uIjoiMSJ9",
          "dependencies": [
            "aws_vpc.main"
          ]
        },
        {
          "index_key": 1,
          "schema_version": 1,
          "attributes": {
            "arn": "arn:aws:ec2:us-east-1:629385237449:subnet/subnet-06d03521db7fbcdee",
            "assign_ipv6_address_on_creation": false,
            "availability_zone": "us-east-1b",
            "availability_zone_id": "use1-az1",
            "cidr_block": "10.0.4.0/24",
            "customer_owned_ipv4_pool": "",
            "enable_dns64": false,
            "enable_lni_at_device_index": 0,
            "enable_resource_name_dns_a_record_on_launch": false,
            "enable_resource_name_dns_aaaa_record_on_launch": false,
            "id": "subnet-06d03521db7fbcdee",
            "ipv6_cidr_block": "",
            "ipv6_cidr_block_association_id": "",
            "ipv6_native": false,
            "map_customer_owned_ip_on_launch": false,
            "map_public_ip_on_launch": false,
            "outpost_arn": "",
            "owner_id": "629385237449",
            "private_dns_hostname_type_on_launch": "ip-name",
            "region": "us-east-1",
            "tags": {
              "Name": "private-subnet-1",
              "Tier": "Private"
            },
            "tags_all": {
              "Name": "private-subnet-1",
              "Tier": "Private"
            },
            "timeouts": null,
            "vpc_id": "vpc-05b8e2f9843773898"
          },
          "sensitive_attributes": [],
          "identity_schema_version": 0,
          "private": "eyJlMmJmYjczMC1lY2FhLTExZTYtOGY4OC0zNDM2M2JjN2M0YzAiOnsiY3JlYXRlIjo2MDAwMDAwMDAwMDAsImRlbGV0ZSI6MTIwMDAwMDAwMDAwMH0sInNjaGVtYV92ZXJzaW9uIjoiMSJ9",
          "dependencies": [
            "aws_vpc.main"
          ]
        }
      ]
    },
    {
      "mode": "managed",
      "type": "aws_subnet",
      "name": "public",
      "provider": "provider[\"registry.terraform.io/hashicorp/aws\"]",
      "instances": [
        {
          "index_key": 0,
          "schema_version": 1,
          "attributes": {
            "arn": "arn:aws:ec2:us-east-1:629385237449:subnet/subnet-0498b7f218e51ce4c",
            "assign_ipv6_address_on_creation": false,
            "availability_zone": "us-east-1a",
            "availability_zone_id": "use1-az6",
            "cidr_block": "10.0.1.0/24",
            "customer_owned_ipv4_pool": "",
            "enable_dns64": false,
            "enable_lni_at_device_index": 0,
            "enable_resource_name_dns_a_record_on_launch": false,
            "enable_resource_name_dns_aaaa_record_on_launch": false,
            "id": "subnet-0498b7f218e51ce4c",
            "ipv6_cidr_block": "",
            "ipv6_cidr_block_association_id": "",
            "ipv6_native": false,
            "map_customer_owned_ip_on_launch": false,
            "map_public_ip_on_launch": true,
            "outpost_arn": "",
            "owner_id": "629385237449",
            "private_dns_hostname_type_on_launch": "ip-name",
            "region": "us-east-1",
            "tags": {
              "Name": "public-subnet-0",
              "Tier": "Public"
            },
            "tags_all": {
              "Name": "public-subnet-0",
              "Tier": "Public"
            },
            "timeouts": null,
            "vpc_id": "vpc-05b8e2f9843773898"
          },
          "sensitive_attributes": [],
          "identity_schema_version": 0,
          "private": "eyJlMmJmYjczMC1lY2FhLTExZTYtOGY4OC0zNDM2M2JjN2M0YzAiOnsiY3JlYXRlIjo2MDAwMDAwMDAwMDAsImRlbGV0ZSI6MTIwMDAwMDAwMDAwMH0sInNjaGVtYV92ZXJzaW9uIjoiMSJ9",
          "dependencies": [
            "aws_vpc.main"
          ]
        },
        {
          "index_key": 1,
          "schema_version": 1,
          "attributes": {
            "arn": "arn:aws:ec2:us-east-1:629385237449:subnet/subnet-084953e1f95239e34",
            "assign_ipv6_address_on_creation": false,
            "availability_zone": "us-east-1b",
            "availability_zone_id": "use1-az1",
            "cidr_block": "10.0.2.0/24",
            "customer_owned_ipv4_pool": "",
            "enable_dns64": false,
            "enable_lni_at_device_index": 0,
            "enable_resource_name_dns_a_record_on_launch": false,
            "enable_resource_name_dns_aaaa_record_on_launch": false,
            "id": "subnet-084953e1f95239e34",
            "ipv6_cidr_block": "",
            "ipv6_cidr_block_association_id": "",
            "ipv6_native": false,
            "map_customer_owned_ip_on_launch": false,
            "map_public_ip_on_launch": true,
            "outpost_arn": "",
            "owner_id": "629385237449",
            "private_dns_hostname_type_on_launch": "ip-name",
            "region": "us-east-1",
            "tags": {
              "Name": "public-subnet-1",
              "Tier": "Public"
            },
            "tags_all": {
              "Name": "public-subnet-1",
              "Tier": "Public"
            },
            "timeouts": null,
            "vpc_id": "vpc-05b8e2f9843773898"
          },
          "sensitive_attributes": [],
          "identity_schema_version": 0,
          "private": "eyJlMmJmYjczMC1lY2FhLTExZTYtOGY4OC0zNDM2M2JjN2M0YzAiOnsiY3JlYXRlIjo2MDAwMDAwMDAwMDAsImRlbGV0ZSI6MTIwMDAwMDAwMDAwMH0sInNjaGVtYV92ZXJzaW9uIjoiMSJ9",
          "dependencies": [
            "aws_vpc.main"
          ]
        }
      ]
    },
    {
      "mode": "managed",
      "type": "aws_vpc",
      "name": "main",
      "provider": "provider[\"registry.terraform.io/hashicorp/aws\"]",
      "instances": [
        {
          "schema_version": 1,
          "attributes": {
            "arn": "arn:aws:ec2:us-east-1:629385237449:vpc/vpc-05b8e2f9843773898",
            "assign_generated_ipv6_cidr_block": false,
            "cidr_block": "10.0.0.0/16",
            "default_network_acl_id": "acl-06e5a8626c3472b0e",
            "default_route_table_id": "rtb-0770fe4812933c0f5",
            "default_security_group_id": "sg-09bfc1a43227b62af",
            "dhcp_options_id": "dopt-09509913aaf967bf0",
            "enable_dns_hostnames": true,
            "enable_dns_support": true,
            "enable_network_address_usage_metrics": false,
            "id": "vpc-05b8e2f9843773898",
            "instance_tenancy": "default",
            "ipv4_ipam_pool_id": null,
            "ipv4_netmask_length": null,
            "ipv6_association_id": "",
            "ipv6_cidr_block": "",
            "ipv6_cidr_block_network_border_group": "",
            "ipv6_ipam_pool_id": "",
            "ipv6_netmask_length": 0,
            "main_route_table_id": "rtb-0770fe4812933c0f5",
            "owner_id": "629385237449",
            "region": "us-east-1",
            "tags": {
              "Name": "django-nextjs-vpc"
            },
            "tags_all": {
              "Name": "django-nextjs-vpc"
            }
          },
          "sensitive_attributes": [],
          "identity_schema_version": 0,
          "private": "eyJzY2hlbWFfdmVyc2lvbiI6IjEifQ=="
        }
      ]
    }
  ],
  "check_results": null
}
